
Microsoft Visual Studio Solution File, Format Version 12.00
# Visual Studio 15
VisualStudioVersion = 15.0.27130.2036
MinimumVisualStudioVersion = 10.0.40219.1
Project("{FAE04EC0-301F-11D3-BF4B-00C04F79EFBC}") = "SCH.Project.Web", "src\project\Website\code\SCH.Project.Web.csproj", "{258E7089-3202-45D7-9ED1-C5FEC88058CA}"
EndProject
Project("{2150E333-8FDC-42A3-9474-1A3956D46DE8}") = "project", "project", "{9EDE70C0-8D95-4847-9A38-459DC218D56F}"
EndProject
Project("{2150E333-8FDC-42A3-9474-1A3956D46DE8}") = "foundation", "foundation", "{520C3BF7-C830-4B31-A40D-7DF4BD0CB963}"
EndProject
Project("{2150E333-8FDC-42A3-9474-1A3956D46DE8}") = "feature", "feature", "{7BF51E82-DE91-4C32-9FA5-A447C5B4427F}"
EndProject
Project("{FAE04EC0-301F-11D3-BF4B-00C04F79EFBC}") = "Sitecore.Foundation.SitecoreExtensions", "src\foundation\SitecoreExtensions\code\Sitecore.Foundation.SitecoreExtensions.csproj", "{B535703F-8D07-4F23-A533-2974BB4CC7B1}"
EndProject
Project("{FAE04EC0-301F-11D3-BF4B-00C04F79EFBC}") = "Sitecore.Foundation.DependencyInjection", "src\foundation\DependencyInjection\code\Sitecore.Foundation.DependencyInjection.csproj", "{366148B7-2392-4F42-80D6-786B7A3682AE}"
EndProject
Project("{FAE04EC0-301F-11D3-BF4B-00C04F79EFBC}") = "SCHackation.Foundation.SimilarImageSearch", "..\POC1\ImageSearchPOC1\SCHackation.Foundation.SimilarImagesSearch\SCHackation.Foundation.SimilarImageSearch.csproj", "{9F75E626-BCD0-4993-9F8E-265115DC36A2}"
EndProject
Project("{FAE04EC0-301F-11D3-BF4B-00C04F79EFBC}") = "SCHackathon.Feature.SimilarImageSearch", "src\Feature\SimilarImageSearch\code\SCHackathon.Feature.SimilarImageSearch\SCHackathon.Feature.SimilarImageSearch.csproj", "{50E22B2C-ECAD-4A3E-A00E-F5B6D9C84E97}"
EndProject
Global
	GlobalSection(SolutionConfigurationPlatforms) = preSolution
		Debug|Any CPU = Debug|Any CPU
		Release|Any CPU = Release|Any CPU
	EndGlobalSection
	GlobalSection(ProjectConfigurationPlatforms) = postSolution
		{258E7089-3202-45D7-9ED1-C5FEC88058CA}.Debug|Any CPU.ActiveCfg = Debug|Any CPU
		{258E7089-3202-45D7-9ED1-C5FEC88058CA}.Debug|Any CPU.Build.0 = Debug|Any CPU
		{258E7089-3202-45D7-9ED1-C5FEC88058CA}.Release|Any CPU.ActiveCfg = Release|Any CPU
		{258E7089-3202-45D7-9ED1-C5FEC88058CA}.Release|Any CPU.Build.0 = Release|Any CPU
		{B535703F-8D07-4F23-A533-2974BB4CC7B1}.Debug|Any CPU.ActiveCfg = Debug|Any CPU
		{B535703F-8D07-4F23-A533-2974BB4CC7B1}.Debug|Any CPU.Build.0 = Debug|Any CPU
		{B535703F-8D07-4F23-A533-2974BB4CC7B1}.Release|Any CPU.ActiveCfg = Release|Any CPU
		{B535703F-8D07-4F23-A533-2974BB4CC7B1}.Release|Any CPU.Build.0 = Release|Any CPU
		{366148B7-2392-4F42-80D6-786B7A3682AE}.Debug|Any CPU.ActiveCfg = Debug|Any CPU
		{366148B7-2392-4F42-80D6-786B7A3682AE}.Debug|Any CPU.Build.0 = Debug|Any CPU
		{366148B7-2392-4F42-80D6-786B7A3682AE}.Release|Any CPU.ActiveCfg = Release|Any CPU
		{366148B7-2392-4F42-80D6-786B7A3682AE}.Release|Any CPU.Build.0 = Release|Any CPU
		{9F75E626-BCD0-4993-9F8E-265115DC36A2}.Debug|Any CPU.ActiveCfg = Debug|Any CPU
		{9F75E626-BCD0-4993-9F8E-265115DC36A2}.Debug|Any CPU.Build.0 = Debug|Any CPU
		{9F75E626-BCD0-4993-9F8E-265115DC36A2}.Release|Any CPU.ActiveCfg = Release|Any CPU
		{9F75E626-BCD0-4993-9F8E-265115DC36A2}.Release|Any CPU.Build.0 = Release|Any CPU
		{50E22B2C-ECAD-4A3E-A00E-F5B6D9C84E97}.Debug|Any CPU.ActiveCfg = Debug|Any CPU
		{50E22B2C-ECAD-4A3E-A00E-F5B6D9C84E97}.Debug|Any CPU.Build.0 = Debug|Any CPU
		{50E22B2C-ECAD-4A3E-A00E-F5B6D9C84E97}.Release|Any CPU.ActiveCfg = Release|Any CPU
		{50E22B2C-ECAD-4A3E-A00E-F5B6D9C84E97}.Release|Any CPU.Build.0 = Release|Any CPU
	EndGlobalSection
	GlobalSection(SolutionProperties) = preSolution
		HideSolutionNode = FALSE
	EndGlobalSection
	GlobalSection(NestedProjects) = preSolution
		{258E7089-3202-45D7-9ED1-C5FEC88058CA} = {9EDE70C0-8D95-4847-9A38-459DC218D56F}
		{B535703F-8D07-4F23-A533-2974BB4CC7B1} = {520C3BF7-C830-4B31-A40D-7DF4BD0CB963}
		{366148B7-2392-4F42-80D6-786B7A3682AE} = {520C3BF7-C830-4B31-A40D-7DF4BD0CB963}
		{9F75E626-BCD0-4993-9F8E-265115DC36A2} = {520C3BF7-C830-4B31-A40D-7DF4BD0CB963}
		{50E22B2C-ECAD-4A3E-A00E-F5B6D9C84E97} = {7BF51E82-DE91-4C32-9FA5-A447C5B4427F}
	EndGlobalSection
	GlobalSection(ExtensibilityGlobals) = postSolution
		SolutionGuid = {E7BCBEBF-6BB8-4FE6-9C00-B06B87F8E774}
		EnterpriseLibraryConfigurationToolBinariesPathV6 = packages\EnterpriseLibrary.Common.6.0.1304.0\lib\NET45;packages\EnterpriseLibrary.TransientFaultHandling.6.0.1304.0\lib\portable-net45+win+wp8;packages\EnterpriseLibrary.TransientFaultHandling.Caching.6.0.1304.0\lib\NET45;packages\EnterpriseLibrary.TransientFaultHandling.Data.6.0.1304.1\lib\NET45;packages\EnterpriseLibrary.TransientFaultHandling.ServiceBus.6.0.1304.0\lib\NET45;packages\EnterpriseLibrary.TransientFaultHandling.WindowsAzure.Storage.6.0.1304.0\lib\NET45;packages\EnterpriseLibrary.TransientFaultHandling.Configuration.6.0.1304.0\lib\NET45
	EndGlobalSection
EndGlobal
